
Microsoft Visual Studio Solution File, Format Version 12.00
# Visual Studio 15
VisualStudioVersion = 15.0.26430.14
MinimumVisualStudioVersion = 10.0.40219.1
Project("{FAE04EC0-301F-11D3-BF4B-00C04F79EFBC}") = "VRIS.API", "src\VRIS.API\VRIS.API.csproj", "{8799C8D3-6DDB-40EA-84AA-95398F609092}"
EndProject
Project("{FAE04EC0-301F-11D3-BF4B-00C04F79EFBC}") = "VRIS.Services", "VRIS.Services\VRIS.Services.csproj", "{A894B4DE-3638-4E48-A0CF-76B25CD3EF58}"
EndProject
Project("{FAE04EC0-301F-11D3-BF4B-00C04F79EFBC}") = "VRIS.Data", "VRIS.Data\VRIS.Data.csproj", "{5398FA1E-0162-4709-BC1A-B6843AFBD5C1}"
EndProject
Global
	GlobalSection(SolutionConfigurationPlatforms) = preSolution
		Debug|Any CPU = Debug|Any CPU
		Release|Any CPU = Release|Any CPU
	EndGlobalSection
	GlobalSection(ProjectConfigurationPlatforms) = postSolution
		{8799C8D3-6DDB-40EA-84AA-95398F609092}.Debug|Any CPU.ActiveCfg = Debug|Any CPU
		{8799C8D3-6DDB-40EA-84AA-95398F609092}.Debug|Any CPU.Build.0 = Debug|Any CPU
		{8799C8D3-6DDB-40EA-84AA-95398F609092}.Release|Any CPU.ActiveCfg = Release|Any CPU
		{8799C8D3-6DDB-40EA-84AA-95398F609092}.Release|Any CPU.Build.0 = Release|Any CPU
		{A894B4DE-3638-4E48-A0CF-76B25CD3EF58}.Debug|Any CPU.ActiveCfg = Debug|Any CPU
		{A894B4DE-3638-4E48-A0CF-76B25CD3EF58}.Debug|Any CPU.Build.0 = Debug|Any CPU
		{A894B4DE-3638-4E48-A0CF-76B25CD3EF58}.Release|Any CPU.ActiveCfg = Release|Any CPU
		{A894B4DE-3638-4E48-A0CF-76B25CD3EF58}.Release|Any CPU.Build.0 = Release|Any CPU
		{5398FA1E-0162-4709-BC1A-B6843AFBD5C1}.Debug|Any CPU.ActiveCfg = Debug|Any CPU
		{5398FA1E-0162-4709-BC1A-B6843AFBD5C1}.Debug|Any CPU.Build.0 = Debug|Any CPU
		{5398FA1E-0162-4709-BC1A-B6843AFBD5C1}.Release|Any CPU.ActiveCfg = Release|Any CPU
		{5398FA1E-0162-4709-BC1A-B6843AFBD5C1}.Release|Any CPU.Build.0 = Release|Any CPU
	EndGlobalSection
	GlobalSection(SolutionProperties) = preSolution
		HideSolutionNode = FALSE
	EndGlobalSection
EndGlobal
